// !$*UTF8*$!
{
	archiveVersion = 1;
	classes = {
	};
	objectVersion = 50;
	objects = {

/* Begin PBXBuildFile section */
		3F2253DE22C2D4760092AF77 /* AppDelegate.swift in Sources */ = {isa = PBXBuildFile; fileRef = 3F2253DD22C2D4760092AF77 /* AppDelegate.swift */; };
		3F2253E022C2D4760092AF77 /* MainViewController.swift in Sources */ = {isa = PBXBuildFile; fileRef = 3F2253DF22C2D4760092AF77 /* MainViewController.swift */; };
		3F2253E222C2D4760092AF77 /* Assets.xcassets in Resources */ = {isa = PBXBuildFile; fileRef = 3F2253E122C2D4760092AF77 /* Assets.xcassets */; };
		3F2253E522C2D4760092AF77 /* Main.storyboard in Resources */ = {isa = PBXBuildFile; fileRef = 3F2253E322C2D4760092AF77 /* Main.storyboard */; };
		3F43707522C64C040065502C /* GenderNet.mlmodel in Sources */ = {isa = PBXBuildFile; fileRef = 3F43707422C64C040065502C /* GenderNet.mlmodel */; };
		3F43707622C64C040065502C /* GenderNet.mlmodel in Sources */ = {isa = PBXBuildFile; fileRef = 3F43707422C64C040065502C /* GenderNet.mlmodel */; };
		3F43707822C65A2E0065502C /* GenderClassifier.swift in Sources */ = {isa = PBXBuildFile; fileRef = 3F43707722C65A2E0065502C /* GenderClassifier.swift */; };
		3F43707922C65A2E0065502C /* GenderClassifier.swift in Sources */ = {isa = PBXBuildFile; fileRef = 3F43707722C65A2E0065502C /* GenderClassifier.swift */; };
		3F43707B22C65B960065502C /* VisionUtils.swift in Sources */ = {isa = PBXBuildFile; fileRef = 3F43707A22C65B960065502C /* VisionUtils.swift */; };
		3F43707C22C65B960065502C /* VisionUtils.swift in Sources */ = {isa = PBXBuildFile; fileRef = 3F43707A22C65B960065502C /* VisionUtils.swift */; };
		3F43707E22C6679F0065502C /* LowPassFilter.swift in Sources */ = {isa = PBXBuildFile; fileRef = 3F43707D22C6679F0065502C /* LowPassFilter.swift */; };
		3F43707F22C6679F0065502C /* LowPassFilter.swift in Sources */ = {isa = PBXBuildFile; fileRef = 3F43707D22C6679F0065502C /* LowPassFilter.swift */; };
		3F47E1D922C7A49F00BA3AC7 /* LoginConstants.swift in Sources */ = {isa = PBXBuildFile; fileRef = 3F47E1D822C7A49F00BA3AC7 /* LoginConstants.swift */; };
		3F47E1DA22C7A49F00BA3AC7 /* LoginConstants.swift in Sources */ = {isa = PBXBuildFile; fileRef = 3F47E1D822C7A49F00BA3AC7 /* LoginConstants.swift */; };
		3F6D3DA422C5163700B038A0 /* ImageViewExtension.swift in Sources */ = {isa = PBXBuildFile; fileRef = 3F6D3DA322C5163700B038A0 /* ImageViewExtension.swift */; };
		3F6D3DA522C5163700B038A0 /* ImageViewExtension.swift in Sources */ = {isa = PBXBuildFile; fileRef = 3F6D3DA322C5163700B038A0 /* ImageViewExtension.swift */; };
		3F6D3DA622C518AA00B038A0 /* FaceDetector.swift in Sources */ = {isa = PBXBuildFile; fileRef = 3FB422E622C4F56300BA3B71 /* FaceDetector.swift */; };
		3F6D3DAC22C5F72A00B038A0 /* NSImageViewExtension.swift in Sources */ = {isa = PBXBuildFile; fileRef = 3F6D3DAB22C5F72A00B038A0 /* NSImageViewExtension.swift */; };
		3F9662BE22CAAA02003B8665 /* AgeNet.mlmodel in Sources */ = {isa = PBXBuildFile; fileRef = 3F9662BD22CAAA02003B8665 /* AgeNet.mlmodel */; };
		3F9662BF22CAAA02003B8665 /* AgeNet.mlmodel in Sources */ = {isa = PBXBuildFile; fileRef = 3F9662BD22CAAA02003B8665 /* AgeNet.mlmodel */; };
		3F9662C122CAAA71003B8665 /* AgeClassifier.swift in Sources */ = {isa = PBXBuildFile; fileRef = 3F9662C022CAAA71003B8665 /* AgeClassifier.swift */; };
		3F9662C222CAAA71003B8665 /* AgeClassifier.swift in Sources */ = {isa = PBXBuildFile; fileRef = 3F9662C022CAAA71003B8665 /* AgeClassifier.swift */; };
		3F9662C722CB53D7003B8665 /* CNNEmotions.mlmodel in Sources */ = {isa = PBXBuildFile; fileRef = 3F9662C622CB53D7003B8665 /* CNNEmotions.mlmodel */; };
		3F9662C822CB53D7003B8665 /* CNNEmotions.mlmodel in Sources */ = {isa = PBXBuildFile; fileRef = 3F9662C622CB53D7003B8665 /* CNNEmotions.mlmodel */; };
		3F9662CA22CB549E003B8665 /* EmotionClassifier.swift in Sources */ = {isa = PBXBuildFile; fileRef = 3F9662C922CB549E003B8665 /* EmotionClassifier.swift */; };
		3F9662CB22CB549E003B8665 /* EmotionClassifier.swift in Sources */ = {isa = PBXBuildFile; fileRef = 3F9662C922CB549E003B8665 /* EmotionClassifier.swift */; };
		3F9662CD22CB61E9003B8665 /* CameraControl.swift in Sources */ = {isa = PBXBuildFile; fileRef = 3F9662CC22CB61E9003B8665 /* CameraControl.swift */; };
		3F9662CE22CB61E9003B8665 /* CameraControl.swift in Sources */ = {isa = PBXBuildFile; fileRef = 3F9662CC22CB61E9003B8665 /* CameraControl.swift */; };
		3F9A7E1922C26CBA00EB2D15 /* AppDelegate.swift in Sources */ = {isa = PBXBuildFile; fileRef = 3F9A7E1822C26CBA00EB2D15 /* AppDelegate.swift */; };
		3F9A7E1E22C26CBA00EB2D15 /* Main.storyboard in Resources */ = {isa = PBXBuildFile; fileRef = 3F9A7E1C22C26CBA00EB2D15 /* Main.storyboard */; };
		3F9A7E2022C26CBD00EB2D15 /* Assets.xcassets in Resources */ = {isa = PBXBuildFile; fileRef = 3F9A7E1F22C26CBD00EB2D15 /* Assets.xcassets */; };
		3F9A7E2322C26CBD00EB2D15 /* LaunchScreen.storyboard in Resources */ = {isa = PBXBuildFile; fileRef = 3F9A7E2122C26CBD00EB2D15 /* LaunchScreen.storyboard */; };
		3F9A7E2B22C26CF300EB2D15 /* MJPEGLib.swift in Sources */ = {isa = PBXBuildFile; fileRef = 3F9A7E2A22C26CF300EB2D15 /* MJPEGLib.swift */; };
		3FAC4D0722C7DBC500BF2F3E /* Classifier.swift in Sources */ = {isa = PBXBuildFile; fileRef = 3FAC4D0622C7DBC500BF2F3E /* Classifier.swift */; };
		3FAC4D0822C7DBC500BF2F3E /* Classifier.swift in Sources */ = {isa = PBXBuildFile; fileRef = 3FAC4D0622C7DBC500BF2F3E /* Classifier.swift */; };
		3FAC4D0A22C8265200BF2F3E /* VisionRequestManager.swift in Sources */ = {isa = PBXBuildFile; fileRef = 3FAC4D0922C8265200BF2F3E /* VisionRequestManager.swift */; };
		3FAC4D0B22C8265200BF2F3E /* VisionRequestManager.swift in Sources */ = {isa = PBXBuildFile; fileRef = 3FAC4D0922C8265200BF2F3E /* VisionRequestManager.swift */; };
		3FAC4D0D22CA0B0200BF2F3E /* OverlayView.swift in Sources */ = {isa = PBXBuildFile; fileRef = 3FAC4D0C22CA0B0200BF2F3E /* OverlayView.swift */; };
		3FAC4D0F22CA0BE400BF2F3E /* iOSXBridge.swift in Sources */ = {isa = PBXBuildFile; fileRef = 3FAC4D0E22CA0BE400BF2F3E /* iOSXBridge.swift */; };
		3FAC4D1022CA0BE400BF2F3E /* iOSXBridge.swift in Sources */ = {isa = PBXBuildFile; fileRef = 3FAC4D0E22CA0BE400BF2F3E /* iOSXBridge.swift */; };
		3FAC4D1122CA151300BF2F3E /* MainViewController.swift in Sources */ = {isa = PBXBuildFile; fileRef = 3F2253DF22C2D4760092AF77 /* MainViewController.swift */; };
		3FAC4D1722CA36E100BF2F3E /* OverlayView.swift in Sources */ = {isa = PBXBuildFile; fileRef = 3FAC4D1622CA36E100BF2F3E /* OverlayView.swift */; };
		3FAC4D1922CA3FC200BF2F3E /* ObjectDetectorDrawer.swift in Sources */ = {isa = PBXBuildFile; fileRef = 3FAC4D1822CA3FC200BF2F3E /* ObjectDetectorDrawer.swift */; };
		3FAC4D1A22CA3FC200BF2F3E /* ObjectDetectorDrawer.swift in Sources */ = {isa = PBXBuildFile; fileRef = 3FAC4D1822CA3FC200BF2F3E /* ObjectDetectorDrawer.swift */; };
		3FB422DD22C3694900BA3B71 /* MJPEGLib.swift in Sources */ = {isa = PBXBuildFile; fileRef = 3F9A7E2A22C26CF300EB2D15 /* MJPEGLib.swift */; };
		3FB422E122C3951B00BA3B71 /* FoscamControl.swift in Sources */ = {isa = PBXBuildFile; fileRef = 3FB422E022C3951B00BA3B71 /* FoscamControl.swift */; };
		3FB422E222C3951B00BA3B71 /* FoscamControl.swift in Sources */ = {isa = PBXBuildFile; fileRef = 3FB422E022C3951B00BA3B71 /* FoscamControl.swift */; };
		3FB422E722C4F56300BA3B71 /* FaceDetector.swift in Sources */ = {isa = PBXBuildFile; fileRef = 3FB422E622C4F56300BA3B71 /* FaceDetector.swift */; };
/* End PBXBuildFile section */

/* Begin PBXFileReference section */
		3F2253DB22C2D4750092AF77 /* Foscam-AI_osx.app */ = {isa = PBXFileReference; explicitFileType = wrapper.application; includeInIndex = 0; path = "Foscam-AI_osx.app"; sourceTree = BUILT_PRODUCTS_DIR; };
		3F2253DD22C2D4760092AF77 /* AppDelegate.swift */ = {isa = PBXFileReference; lastKnownFileType = sourcecode.swift; path = AppDelegate.swift; sourceTree = "<group>"; };
		3F2253DF22C2D4760092AF77 /* MainViewController.swift */ = {isa = PBXFileReference; lastKnownFileType = sourcecode.swift; path = MainViewController.swift; sourceTree = "<group>"; };
		3F2253E122C2D4760092AF77 /* Assets.xcassets */ = {isa = PBXFileReference; lastKnownFileType = folder.assetcatalog; path = Assets.xcassets; sourceTree = "<group>"; };
		3F2253E422C2D4760092AF77 /* Base */ = {isa = PBXFileReference; lastKnownFileType = file.storyboard; name = Base; path = Base.lproj/Main.storyboard; sourceTree = "<group>"; };
		3F2253E622C2D4760092AF77 /* Info.plist */ = {isa = PBXFileReference; lastKnownFileType = text.plist.xml; path = Info.plist; sourceTree = "<group>"; };
		3F2253E722C2D4760092AF77 /* TestFoscamCam_osx.entitlements */ = {isa = PBXFileReference; lastKnownFileType = text.plist.entitlements; path = TestFoscamCam_osx.entitlements; sourceTree = "<group>"; };
		3F43707422C64C040065502C /* GenderNet.mlmodel */ = {isa = PBXFileReference; lastKnownFileType = file.mlmodel; path = GenderNet.mlmodel; sourceTree = "<group>"; };
		3F43707722C65A2E0065502C /* GenderClassifier.swift */ = {isa = PBXFileReference; lastKnownFileType = sourcecode.swift; path = GenderClassifier.swift; sourceTree = "<group>"; };
		3F43707A22C65B960065502C /* VisionUtils.swift */ = {isa = PBXFileReference; lastKnownFileType = sourcecode.swift; path = VisionUtils.swift; sourceTree = "<group>"; };
		3F43707D22C6679F0065502C /* LowPassFilter.swift */ = {isa = PBXFileReference; lastKnownFileType = sourcecode.swift; path = LowPassFilter.swift; sourceTree = "<group>"; };
		3F47E1D822C7A49F00BA3AC7 /* LoginConstants.swift */ = {isa = PBXFileReference; lastKnownFileType = sourcecode.swift; path = LoginConstants.swift; sourceTree = "<group>"; };
		3F6D3DA322C5163700B038A0 /* ImageViewExtension.swift */ = {isa = PBXFileReference; lastKnownFileType = sourcecode.swift; path = ImageViewExtension.swift; sourceTree = "<group>"; };
		3F6D3DAB22C5F72A00B038A0 /* NSImageViewExtension.swift */ = {isa = PBXFileReference; lastKnownFileType = sourcecode.swift; path = NSImageViewExtension.swift; sourceTree = "<group>"; };
		3F9662BD22CAAA02003B8665 /* AgeNet.mlmodel */ = {isa = PBXFileReference; lastKnownFileType = file.mlmodel; path = AgeNet.mlmodel; sourceTree = "<group>"; };
		3F9662C022CAAA71003B8665 /* AgeClassifier.swift */ = {isa = PBXFileReference; lastKnownFileType = sourcecode.swift; path = AgeClassifier.swift; sourceTree = "<group>"; };
		3F9662C622CB53D7003B8665 /* CNNEmotions.mlmodel */ = {isa = PBXFileReference; lastKnownFileType = file.mlmodel; path = CNNEmotions.mlmodel; sourceTree = "<group>"; };
		3F9662C922CB549E003B8665 /* EmotionClassifier.swift */ = {isa = PBXFileReference; lastKnownFileType = sourcecode.swift; path = EmotionClassifier.swift; sourceTree = "<group>"; };
		3F9662CC22CB61E9003B8665 /* CameraControl.swift */ = {isa = PBXFileReference; lastKnownFileType = sourcecode.swift; path = CameraControl.swift; sourceTree = "<group>"; };
		3F9A7E1522C26CBA00EB2D15 /* Foscam-AI_ios.app */ = {isa = PBXFileReference; explicitFileType = wrapper.application; includeInIndex = 0; path = "Foscam-AI_ios.app"; sourceTree = BUILT_PRODUCTS_DIR; };
		3F9A7E1822C26CBA00EB2D15 /* AppDelegate.swift */ = {isa = PBXFileReference; lastKnownFileType = sourcecode.swift; path = AppDelegate.swift; sourceTree = "<group>"; };
		3F9A7E1D22C26CBA00EB2D15 /* Base */ = {isa = PBXFileReference; lastKnownFileType = file.storyboard; name = Base; path = Base.lproj/Main.storyboard; sourceTree = "<group>"; };
		3F9A7E1F22C26CBD00EB2D15 /* Assets.xcassets */ = {isa = PBXFileReference; lastKnownFileType = folder.assetcatalog; path = Assets.xcassets; sourceTree = "<group>"; };
		3F9A7E2222C26CBD00EB2D15 /* Base */ = {isa = PBXFileReference; lastKnownFileType = file.storyboard; name = Base; path = Base.lproj/LaunchScreen.storyboard; sourceTree = "<group>"; };
		3F9A7E2422C26CBD00EB2D15 /* Info.plist */ = {isa = PBXFileReference; lastKnownFileType = text.plist.xml; path = Info.plist; sourceTree = "<group>"; };
		3F9A7E2A22C26CF300EB2D15 /* MJPEGLib.swift */ = {isa = PBXFileReference; lastKnownFileType = sourcecode.swift; path = MJPEGLib.swift; sourceTree = "<group>"; };
		3FAC4D0622C7DBC500BF2F3E /* Classifier.swift */ = {isa = PBXFileReference; lastKnownFileType = sourcecode.swift; path = Classifier.swift; sourceTree = "<group>"; };
		3FAC4D0922C8265200BF2F3E /* VisionRequestManager.swift */ = {isa = PBXFileReference; lastKnownFileType = sourcecode.swift; path = VisionRequestManager.swift; sourceTree = "<group>"; };
		3FAC4D0C22CA0B0200BF2F3E /* OverlayView.swift */ = {isa = PBXFileReference; lastKnownFileType = sourcecode.swift; path = OverlayView.swift; sourceTree = "<group>"; };
		3FAC4D0E22CA0BE400BF2F3E /* iOSXBridge.swift */ = {isa = PBXFileReference; lastKnownFileType = sourcecode.swift; path = iOSXBridge.swift; sourceTree = "<group>"; };
		3FAC4D1622CA36E100BF2F3E /* OverlayView.swift */ = {isa = PBXFileReference; fileEncoding = 4; lastKnownFileType = sourcecode.swift; path = OverlayView.swift; sourceTree = "<group>"; };
		3FAC4D1822CA3FC200BF2F3E /* ObjectDetectorDrawer.swift */ = {isa = PBXFileReference; lastKnownFileType = sourcecode.swift; path = ObjectDetectorDrawer.swift; sourceTree = "<group>"; };
		3FB422E022C3951B00BA3B71 /* FoscamControl.swift */ = {isa = PBXFileReference; lastKnownFileType = sourcecode.swift; path = FoscamControl.swift; sourceTree = "<group>"; };
		3FB422E622C4F56300BA3B71 /* FaceDetector.swift */ = {isa = PBXFileReference; lastKnownFileType = sourcecode.swift; path = FaceDetector.swift; sourceTree = "<group>"; };
/* End PBXFileReference section */

/* Begin PBXFrameworksBuildPhase section */
		3F2253D822C2D4750092AF77 /* Frameworks */ = {
			isa = PBXFrameworksBuildPhase;
			buildActionMask = 2147483647;
			files = (
			);
			runOnlyForDeploymentPostprocessing = 0;
		};
		3F9A7E1222C26CBA00EB2D15 /* Frameworks */ = {
			isa = PBXFrameworksBuildPhase;
			buildActionMask = 2147483647;
			files = (
			);
			runOnlyForDeploymentPostprocessing = 0;
		};
/* End PBXFrameworksBuildPhase section */

/* Begin PBXGroup section */
		3F2253DC22C2D4760092AF77 /* OSX */ = {
			isa = PBXGroup;
			children = (
				3FAC4D0C22CA0B0200BF2F3E /* OverlayView.swift */,
				3F6D3DAB22C5F72A00B038A0 /* NSImageViewExtension.swift */,
				3F2253DD22C2D4760092AF77 /* AppDelegate.swift */,
				3F2253E122C2D4760092AF77 /* Assets.xcassets */,
				3F2253E322C2D4760092AF77 /* Main.storyboard */,
				3F2253E622C2D4760092AF77 /* Info.plist */,
				3F2253E722C2D4760092AF77 /* TestFoscamCam_osx.entitlements */,
			);
			path = OSX;
			sourceTree = "<group>";
		};
		3F43707322C64C040065502C /* Models */ = {
			isa = PBXGroup;
			children = (
				3F9662C622CB53D7003B8665 /* CNNEmotions.mlmodel */,
				3F9662BD22CAAA02003B8665 /* AgeNet.mlmodel */,
				3F43707422C64C040065502C /* GenderNet.mlmodel */,
			);
			path = Models;
			sourceTree = "<group>";
		};
		3F9A7E0C22C26CBA00EB2D15 = {
			isa = PBXGroup;
			children = (
				3F43707322C64C040065502C /* Models */,
				3FB422DE22C36A4C00BA3B71 /* UniversalLibs */,
				3F9A7E1722C26CBA00EB2D15 /* iOS */,
				3F2253DC22C2D4760092AF77 /* OSX */,
				3F9A7E1622C26CBA00EB2D15 /* Products */,
			);
			sourceTree = "<group>";
		};
		3F9A7E1622C26CBA00EB2D15 /* Products */ = {
			isa = PBXGroup;
			children = (
				3F9A7E1522C26CBA00EB2D15 /* Foscam-AI_ios.app */,
				3F2253DB22C2D4750092AF77 /* Foscam-AI_osx.app */,
			);
			name = Products;
			sourceTree = "<group>";
		};
		3F9A7E1722C26CBA00EB2D15 /* iOS */ = {
			isa = PBXGroup;
			children = (
				3FAC4D1622CA36E100BF2F3E /* OverlayView.swift */,
				3F9A7E1822C26CBA00EB2D15 /* AppDelegate.swift */,
				3F9A7E1C22C26CBA00EB2D15 /* Main.storyboard */,
				3F9A7E1F22C26CBD00EB2D15 /* Assets.xcassets */,
				3F9A7E2122C26CBD00EB2D15 /* LaunchScreen.storyboard */,
				3F9A7E2422C26CBD00EB2D15 /* Info.plist */,
			);
			path = iOS;
			sourceTree = "<group>";
		};
		3FB422DE22C36A4C00BA3B71 /* UniversalLibs */ = {
			isa = PBXGroup;
			children = (
				3FAC4D0E22CA0BE400BF2F3E /* iOSXBridge.swift */,
				3F47E1D822C7A49F00BA3AC7 /* LoginConstants.swift */,
				3FAC4D0922C8265200BF2F3E /* VisionRequestManager.swift */,
				3FB422E622C4F56300BA3B71 /* FaceDetector.swift */,
				3FAC4D1822CA3FC200BF2F3E /* ObjectDetectorDrawer.swift */,
				3F43707A22C65B960065502C /* VisionUtils.swift */,
				3F43707D22C6679F0065502C /* LowPassFilter.swift */,
				3FAC4D0622C7DBC500BF2F3E /* Classifier.swift */,
				3F43707722C65A2E0065502C /* GenderClassifier.swift */,
				3F9662C022CAAA71003B8665 /* AgeClassifier.swift */,
				3F6D3DA322C5163700B038A0 /* ImageViewExtension.swift */,
				3F9A7E2A22C26CF300EB2D15 /* MJPEGLib.swift */,
				3FB422E022C3951B00BA3B71 /* FoscamControl.swift */,
				3F2253DF22C2D4760092AF77 /* MainViewController.swift */,
				3F9662C922CB549E003B8665 /* EmotionClassifier.swift */,
				3F9662CC22CB61E9003B8665 /* CameraControl.swift */,
			);
			path = UniversalLibs;
			sourceTree = "<group>";
		};
/* End PBXGroup section */

/* Begin PBXNativeTarget section */
		3F2253DA22C2D4750092AF77 /* Foscam-AI_osx */ = {
			isa = PBXNativeTarget;
			buildConfigurationList = 3F2253E822C2D4760092AF77 /* Build configuration list for PBXNativeTarget "Foscam-AI_osx" */;
			buildPhases = (
				3F2253D722C2D4750092AF77 /* Sources */,
				3F2253D822C2D4750092AF77 /* Frameworks */,
				3F2253D922C2D4750092AF77 /* Resources */,
			);
			buildRules = (
			);
			dependencies = (
			);
			name = "Foscam-AI_osx";
			productName = TestFoscamCam_osx;
			productReference = 3F2253DB22C2D4750092AF77 /* Foscam-AI_osx.app */;
			productType = "com.apple.product-type.application";
		};
		3F9A7E1422C26CBA00EB2D15 /* Foscam-AI_ios */ = {
			isa = PBXNativeTarget;
			buildConfigurationList = 3F9A7E2722C26CBD00EB2D15 /* Build configuration list for PBXNativeTarget "Foscam-AI_ios" */;
			buildPhases = (
				3F9A7E1122C26CBA00EB2D15 /* Sources */,
				3F9A7E1222C26CBA00EB2D15 /* Frameworks */,
				3F9A7E1322C26CBA00EB2D15 /* Resources */,
			);
			buildRules = (
			);
			dependencies = (
			);
			name = "Foscam-AI_ios";
			productName = TestFoscamCam;
			productReference = 3F9A7E1522C26CBA00EB2D15 /* Foscam-AI_ios.app */;
			productType = "com.apple.product-type.application";
		};
/* End PBXNativeTarget section */

/* Begin PBXProject section */
		3F9A7E0D22C26CBA00EB2D15 /* Project object */ = {
			isa = PBXProject;
			attributes = {
				LastSwiftUpdateCheck = 1020;
				LastUpgradeCheck = 1020;
				ORGANIZATIONNAME = "Giovanni Murru";
				TargetAttributes = {
					3F2253DA22C2D4750092AF77 = {
						CreatedOnToolsVersion = 10.2.1;
						SystemCapabilities = {
							com.apple.Sandbox = {
								enabled = 0;
							};
						};
					};
					3F9A7E1422C26CBA00EB2D15 = {
						CreatedOnToolsVersion = 10.2.1;
					};
				};
			};
			buildConfigurationList = 3F9A7E1022C26CBA00EB2D15 /* Build configuration list for PBXProject "Foscam-AI" */;
			compatibilityVersion = "Xcode 9.3";
			developmentRegion = en;
			hasScannedForEncodings = 0;
			knownRegions = (
				en,
				Base,
			);
			mainGroup = 3F9A7E0C22C26CBA00EB2D15;
			productRefGroup = 3F9A7E1622C26CBA00EB2D15 /* Products */;
			projectDirPath = "";
			projectRoot = "";
			targets = (
				3F9A7E1422C26CBA00EB2D15 /* Foscam-AI_ios */,
				3F2253DA22C2D4750092AF77 /* Foscam-AI_osx */,
			);
		};
/* End PBXProject section */

/* Begin PBXResourcesBuildPhase section */
		3F2253D922C2D4750092AF77 /* Resources */ = {
			isa = PBXResourcesBuildPhase;
			buildActionMask = 2147483647;
			files = (
				3F2253E222C2D4760092AF77 /* Assets.xcassets in Resources */,
				3F2253E522C2D4760092AF77 /* Main.storyboard in Resources */,
			);
			runOnlyForDeploymentPostprocessing = 0;
		};
		3F9A7E1322C26CBA00EB2D15 /* Resources */ = {
			isa = PBXResourcesBuildPhase;
			buildActionMask = 2147483647;
			files = (
				3F9A7E2322C26CBD00EB2D15 /* LaunchScreen.storyboard in Resources */,
				3F9A7E2022C26CBD00EB2D15 /* Assets.xcassets in Resources */,
				3F9A7E1E22C26CBA00EB2D15 /* Main.storyboard in Resources */,
			);
			runOnlyForDeploymentPostprocessing = 0;
		};
/* End PBXResourcesBuildPhase section */

/* Begin PBXSourcesBuildPhase section */
		3F2253D722C2D4750092AF77 /* Sources */ = {
			isa = PBXSourcesBuildPhase;
			buildActionMask = 2147483647;
			files = (
				3FAC4D1022CA0BE400BF2F3E /* iOSXBridge.swift in Sources */,
				3FAC4D0822C7DBC500BF2F3E /* Classifier.swift in Sources */,
				3F43707922C65A2E0065502C /* GenderClassifier.swift in Sources */,
				3F43707C22C65B960065502C /* VisionUtils.swift in Sources */,
				3FB422E722C4F56300BA3B71 /* FaceDetector.swift in Sources */,
				3F6D3DAC22C5F72A00B038A0 /* NSImageViewExtension.swift in Sources */,
				3F6D3DA522C5163700B038A0 /* ImageViewExtension.swift in Sources */,
				3FAC4D1A22CA3FC200BF2F3E /* ObjectDetectorDrawer.swift in Sources */,
				3F9662BF22CAAA02003B8665 /* AgeNet.mlmodel in Sources */,
				3FB422E222C3951B00BA3B71 /* FoscamControl.swift in Sources */,
				3F2253E022C2D4760092AF77 /* MainViewController.swift in Sources */,
				3FAC4D0D22CA0B0200BF2F3E /* OverlayView.swift in Sources */,
				3F43707622C64C040065502C /* GenderNet.mlmodel in Sources */,
				3F2253DE22C2D4760092AF77 /* AppDelegate.swift in Sources */,
				3F47E1DA22C7A49F00BA3AC7 /* LoginConstants.swift in Sources */,
				3FB422DD22C3694900BA3B71 /* MJPEGLib.swift in Sources */,
				3F9662C822CB53D7003B8665 /* CNNEmotions.mlmodel in Sources */,
				3F9662CB22CB549E003B8665 /* EmotionClassifier.swift in Sources */,
				3F43707F22C6679F0065502C /* LowPassFilter.swift in Sources */,
				3F9662C222CAAA71003B8665 /* AgeClassifier.swift in Sources */,
				3F9662CE22CB61E9003B8665 /* CameraControl.swift in Sources */,
				3FAC4D0B22C8265200BF2F3E /* VisionRequestManager.swift in Sources */,
			);
			runOnlyForDeploymentPostprocessing = 0;
		};
		3F9A7E1122C26CBA00EB2D15 /* Sources */ = {
			isa = PBXSourcesBuildPhase;
			buildActionMask = 2147483647;
			files = (
				3FAC4D0F22CA0BE400BF2F3E /* iOSXBridge.swift in Sources */,
				3FAC4D0A22C8265200BF2F3E /* VisionRequestManager.swift in Sources */,
				3FB422E122C3951B00BA3B71 /* FoscamControl.swift in Sources */,
				3F6D3DA422C5163700B038A0 /* ImageViewExtension.swift in Sources */,
				3F9662C122CAAA71003B8665 /* AgeClassifier.swift in Sources */,
				3FAC4D0722C7DBC500BF2F3E /* Classifier.swift in Sources */,
				3F9662CD22CB61E9003B8665 /* CameraControl.swift in Sources */,
				3F43707B22C65B960065502C /* VisionUtils.swift in Sources */,
				3F9662C722CB53D7003B8665 /* CNNEmotions.mlmodel in Sources */,
				3F43707E22C6679F0065502C /* LowPassFilter.swift in Sources */,
				3F43707822C65A2E0065502C /* GenderClassifier.swift in Sources */,
				3FAC4D1722CA36E100BF2F3E /* OverlayView.swift in Sources */,
				3F9A7E1922C26CBA00EB2D15 /* AppDelegate.swift in Sources */,
				3F43707522C64C040065502C /* GenderNet.mlmodel in Sources */,
				3FAC4D1922CA3FC200BF2F3E /* ObjectDetectorDrawer.swift in Sources */,
				3F47E1D922C7A49F00BA3AC7 /* LoginConstants.swift in Sources */,
				3F9A7E2B22C26CF300EB2D15 /* MJPEGLib.swift in Sources */,
				3FAC4D1122CA151300BF2F3E /* MainViewController.swift in Sources */,
				3F9662BE22CAAA02003B8665 /* AgeNet.mlmodel in Sources */,
				3F9662CA22CB549E003B8665 /* EmotionClassifier.swift in Sources */,
				3F6D3DA622C518AA00B038A0 /* FaceDetector.swift in Sources */,
			);
			runOnlyForDeploymentPostprocessing = 0;
		};
/* End PBXSourcesBuildPhase section */

/* Begin PBXVariantGroup section */
		3F2253E322C2D4760092AF77 /* Main.storyboard */ = {
			isa = PBXVariantGroup;
			children = (
				3F2253E422C2D4760092AF77 /* Base */,
			);
			name = Main.storyboard;
			sourceTree = "<group>";
		};
		3F9A7E1C22C26CBA00EB2D15 /* Main.storyboard */ = {
			isa = PBXVariantGroup;
			children = (
				3F9A7E1D22C26CBA00EB2D15 /* Base */,
			);
			name = Main.storyboard;
			sourceTree = "<group>";
		};
		3F9A7E2122C26CBD00EB2D15 /* LaunchScreen.storyboard */ = {
			isa = PBXVariantGroup;
			children = (
				3F9A7E2222C26CBD00EB2D15 /* Base */,
			);
			name = LaunchScreen.storyboard;
			sourceTree = "<group>";
		};
/* End PBXVariantGroup section */

/* Begin XCBuildConfiguration section */
		3F2253E922C2D4760092AF77 /* Debug */ = {
			isa = XCBuildConfiguration;
			buildSettings = {
				ASSETCATALOG_COMPILER_APPICON_NAME = AppIcon;
				CODE_SIGN_IDENTITY = "Mac Developer";
				CODE_SIGN_STYLE = Automatic;
				COMBINE_HIDPI_IMAGES = YES;
				DEVELOPMENT_TEAM = T7NF5AK38P;
				INFOPLIST_FILE = OSX/Info.plist;
				LD_RUNPATH_SEARCH_PATHS = (
					"$(inherited)",
					"@executable_path/../Frameworks",
				);
				MACOSX_DEPLOYMENT_TARGET = 10.14;
				PRODUCT_BUNDLE_IDENTIFIER = "com.gmurru.TestFoscamCam-osx";
				PRODUCT_NAME = "$(TARGET_NAME)";
				SDKROOT = macosx;
				SWIFT_VERSION = 5.0;
			};
			name = Debug;
		};
		3F2253EA22C2D4760092AF77 /* Release */ = {
			isa = XCBuildConfiguration;
			buildSettings = {
				ASSETCATALOG_COMPILER_APPICON_NAME = AppIcon;
				CODE_SIGN_IDENTITY = "Mac Developer";
				CODE_SIGN_STYLE = Automatic;
				COMBINE_HIDPI_IMAGES = YES;
				DEVELOPMENT_TEAM = T7NF5AK38P;
				INFOPLIST_FILE = OSX/Info.plist;
				LD_RUNPATH_SEARCH_PATHS = (
					"$(inherited)",
					"@executable_path/../Frameworks",
				);
				MACOSX_DEPLOYMENT_TARGET = 10.14;
				PRODUCT_BUNDLE_IDENTIFIER = "com.gmurru.TestFoscamCam-osx";
				PRODUCT_NAME = "$(TARGET_NAME)";
				SDKROOT = macosx;
				SWIFT_VERSION = 5.0;
			};
			name = Release;
		};
		3F9A7E2522C26CBD00EB2D15 /* Debug */ = {
			isa = XCBuildConfiguration;
			buildSettings = {
				ALWAYS_SEARCH_USER_PATHS = NO;
				CLANG_ANALYZER_NONNULL = YES;
				CLANG_ANALYZER_NUMBER_OBJECT_CONVERSION = YES_AGGRESSIVE;
				CLANG_CXX_LANGUAGE_STANDARD = "gnu++14";
				CLANG_CXX_LIBRARY = "libc++";
				CLANG_ENABLE_MODULES = YES;
				CLANG_ENABLE_OBJC_ARC = YES;
				CLANG_ENABLE_OBJC_WEAK = YES;
				CLANG_WARN_BLOCK_CAPTURE_AUTORELEASING = YES;
				CLANG_WARN_BOOL_CONVERSION = YES;
				CLANG_WARN_COMMA = YES;
				CLANG_WARN_CONSTANT_CONVERSION = YES;
				CLANG_WARN_DEPRECATED_OBJC_IMPLEMENTATIONS = YES;
				CLANG_WARN_DIRECT_OBJC_ISA_USAGE = YES_ERROR;
				CLANG_WARN_DOCUMENTATION_COMMENTS = YES;
				CLANG_WARN_EMPTY_BODY = YES;
				CLANG_WARN_ENUM_CONVERSION = YES;
				CLANG_WARN_INFINITE_RECURSION = YES;
				CLANG_WARN_INT_CONVERSION = YES;
				CLANG_WARN_NON_LITERAL_NULL_CONVERSION = YES;
				CLANG_WARN_OBJC_IMPLICIT_RETAIN_SELF = YES;
				CLANG_WARN_OBJC_LITERAL_CONVERSION = YES;
				CLANG_WARN_OBJC_ROOT_CLASS = YES_ERROR;
				CLANG_WARN_RANGE_LOOP_ANALYSIS = YES;
				CLANG_WARN_STRICT_PROTOTYPES = YES;
				CLANG_WARN_SUSPICIOUS_MOVE = YES;
				CLANG_WARN_UNGUARDED_AVAILABILITY = YES_AGGRESSIVE;
				CLANG_WARN_UNREACHABLE_CODE = YES;
				CLANG_WARN__DUPLICATE_METHOD_MATCH = YES;
				CODE_SIGN_IDENTITY = "iPhone Developer";
				COPY_PHASE_STRIP = NO;
				DEBUG_INFORMATION_FORMAT = dwarf;
				ENABLE_STRICT_OBJC_MSGSEND = YES;
				ENABLE_TESTABILITY = YES;
				GCC_C_LANGUAGE_STANDARD = gnu11;
				GCC_DYNAMIC_NO_PIC = NO;
				GCC_NO_COMMON_BLOCKS = YES;
				GCC_OPTIMIZATION_LEVEL = 0;
				GCC_PREPROCESSOR_DEFINITIONS = (
					"DEBUG=1",
					"$(inherited)",
				);
				GCC_WARN_64_TO_32_BIT_CONVERSION = YES;
				GCC_WARN_ABOUT_RETURN_TYPE = YES_ERROR;
				GCC_WARN_UNDECLARED_SELECTOR = YES;
				GCC_WARN_UNINITIALIZED_AUTOS = YES_AGGRESSIVE;
				GCC_WARN_UNUSED_FUNCTION = YES;
				GCC_WARN_UNUSED_VARIABLE = YES;
				IPHONEOS_DEPLOYMENT_TARGET = 12.2;
				MTL_ENABLE_DEBUG_INFO = INCLUDE_SOURCE;
				MTL_FAST_MATH = YES;
				ONLY_ACTIVE_ARCH = YES;
				SDKROOT = iphoneos;
				SWIFT_ACTIVE_COMPILATION_CONDITIONS = DEBUG;
				SWIFT_OPTIMIZATION_LEVEL = "-Onone";
			};
			name = Debug;
		};
		3F9A7E2622C26CBD00EB2D15 /* Release */ = {
			isa = XCBuildConfiguration;
			buildSettings = {
				ALWAYS_SEARCH_USER_PATHS = NO;
				CLANG_ANALYZER_NONNULL = YES;
				CLANG_ANALYZER_NUMBER_OBJECT_CONVERSION = YES_AGGRESSIVE;
				CLANG_CXX_LANGUAGE_STANDARD = "gnu++14";
				CLANG_CXX_LIBRARY = "libc++";
				CLANG_ENABLE_MODULES = YES;
				CLANG_ENABLE_OBJC_ARC = YES;
				CLANG_ENABLE_OBJC_WEAK = YES;
				CLANG_WARN_BLOCK_CAPTURE_AUTORELEASING = YES;
				CLANG_WARN_BOOL_CONVERSION = YES;
				CLANG_WARN_COMMA = YES;
				CLANG_WARN_CONSTANT_CONVERSION = YES;
				CLANG_WARN_DEPRECATED_OBJC_IMPLEMENTATIONS = YES;
				CLANG_WARN_DIRECT_OBJC_ISA_USAGE = YES_ERROR;
				CLANG_WARN_DOCUMENTATION_COMMENTS = YES;
				CLANG_WARN_EMPTY_BODY = YES;
				CLANG_WARN_ENUM_CONVERSION = YES;
				CLANG_WARN_INFINITE_RECURSION = YES;
				CLANG_WARN_INT_CONVERSION = YES;
				CLANG_WARN_NON_LITERAL_NULL_CONVERSION = YES;
				CLANG_WARN_OBJC_IMPLICIT_RETAIN_SELF = YES;
				CLANG_WARN_OBJC_LITERAL_CONVERSION = YES;
				CLANG_WARN_OBJC_ROOT_CLASS = YES_ERROR;
				CLANG_WARN_RANGE_LOOP_ANALYSIS = YES;
				CLANG_WARN_STRICT_PROTOTYPES = YES;
				CLANG_WARN_SUSPICIOUS_MOVE = YES;
				CLANG_WARN_UNGUARDED_AVAILABILITY = YES_AGGRESSIVE;
				CLANG_WARN_UNREACHABLE_CODE = YES;
				CLANG_WARN__DUPLICATE_METHOD_MATCH = YES;
				CODE_SIGN_IDENTITY = "iPhone Developer";
				COPY_PHASE_STRIP = NO;
				DEBUG_INFORMATION_FORMAT = "dwarf-with-dsym";
				ENABLE_NS_ASSERTIONS = NO;
				ENABLE_STRICT_OBJC_MSGSEND = YES;
				GCC_C_LANGUAGE_STANDARD = gnu11;
				GCC_NO_COMMON_BLOCKS = YES;
				GCC_WARN_64_TO_32_BIT_CONVERSION = YES;
				GCC_WARN_ABOUT_RETURN_TYPE = YES_ERROR;
				GCC_WARN_UNDECLARED_SELECTOR = YES;
				GCC_WARN_UNINITIALIZED_AUTOS = YES_AGGRESSIVE;
				GCC_WARN_UNUSED_FUNCTION = YES;
				GCC_WARN_UNUSED_VARIABLE = YES;
				IPHONEOS_DEPLOYMENT_TARGET = 12.2;
				MTL_ENABLE_DEBUG_INFO = NO;
				MTL_FAST_MATH = YES;
				SDKROOT = iphoneos;
				SWIFT_COMPILATION_MODE = wholemodule;
				SWIFT_OPTIMIZATION_LEVEL = "-O";
				VALIDATE_PRODUCT = YES;
			};
			name = Release;
		};
		3F9A7E2822C26CBD00EB2D15 /* Debug */ = {
			isa = XCBuildConfiguration;
			buildSettings = {
				ASSETCATALOG_COMPILER_APPICON_NAME = AppIcon;
				CODE_SIGN_STYLE = Automatic;
				DEVELOPMENT_TEAM = T7NF5AK38P;
				INFOPLIST_FILE = iOS/Info.plist;
				LD_RUNPATH_SEARCH_PATHS = (
					"$(inherited)",
					"@executable_path/Frameworks",
				);
				PRODUCT_BUNDLE_IDENTIFIER = com.gmurru.TestFoscamCam;
				PRODUCT_NAME = "$(TARGET_NAME)";
				SWIFT_VERSION = 5.0;
				TARGETED_DEVICE_FAMILY = "1,2";
			};
			name = Debug;
		};
		3F9A7E2922C26CBD00EB2D15 /* Release */ = {
			isa = XCBuildConfiguration;
			buildSettings = {
				ASSETCATALOG_COMPILER_APPICON_NAME = AppIcon;
				CODE_SIGN_STYLE = Automatic;
				DEVELOPMENT_TEAM = T7NF5AK38P;
				INFOPLIST_FILE = iOS/Info.plist;
				LD_RUNPATH_SEARCH_PATHS = (
					"$(inherited)",
					"@executable_path/Frameworks",
				);
				PRODUCT_BUNDLE_IDENTIFIER = com.gmurru.TestFoscamCam;
				PRODUCT_NAME = "$(TARGET_NAME)";
				SWIFT_VERSION = 5.0;
				TARGETED_DEVICE_FAMILY = "1,2";
			};
			name = Release;
		};
/* End XCBuildConfiguration section */

/* Begin XCConfigurationList section */
		3F2253E822C2D4760092AF77 /* Build configuration list for PBXNativeTarget "Foscam-AI_osx" */ = {
			isa = XCConfigurationList;
			buildConfigurations = (
				3F2253E922C2D4760092AF77 /* Debug */,
				3F2253EA22C2D4760092AF77 /* Release */,
			);
			defaultConfigurationIsVisible = 0;
			defaultConfigurationName = Release;
		};
		3F9A7E1022C26CBA00EB2D15 /* Build configuration list for PBXProject "Foscam-AI" */ = {
			isa = XCConfigurationList;
			buildConfigurations = (
				3F9A7E2522C26CBD00EB2D15 /* Debug */,
				3F9A7E2622C26CBD00EB2D15 /* Release */,
			);
			defaultConfigurationIsVisible = 0;
			defaultConfigurationName = Release;
		};
		3F9A7E2722C26CBD00EB2D15 /* Build configuration list for PBXNativeTarget "Foscam-AI_ios" */ = {
			isa = XCConfigurationList;
			buildConfigurations = (
				3F9A7E2822C26CBD00EB2D15 /* Debug */,
				3F9A7E2922C26CBD00EB2D15 /* Release */,
			);
			defaultConfigurationIsVisible = 0;
			defaultConfigurationName = Release;
		};
/* End XCConfigurationList section */
	};
	rootObject = 3F9A7E0D22C26CBA00EB2D15 /* Project object */;
}
